# This file is automatically @generated by Wally.
# It is not intended for manual editing.
registry = "test"

[[package]]
name = "almost89/floating-ui-donotpublish"
version = "0.1.0"
dependencies = [["Boolean", "jsdotlua/boolean@1.2.3"], ["Collections", "jsdotlua/collections@1.2.3"], ["Promise", "lukadev-0/typed-promise@4.0.2"], ["String", "jsdotlua/string@1.2.3"], ["Midori", "nezuo/midori@0.1.3"]]

[[package]]
name = "evaera/promise"
version = "4.0.0"
dependencies = []

[[package]]
name = "jsdotlua/boolean"
version = "1.2.3"
dependencies = [["Number", "jsdotlua/number@1.2.3"]]

[[package]]
name = "jsdotlua/collections"
version = "1.2.3"
dependencies = [["ES7Types", "jsdotlua/es7-types@1.2.3"], ["InstanceOf", "jsdotlua/instance-of@1.2.3"]]

[[package]]
name = "jsdotlua/es7-types"
version = "1.2.3"
dependencies = []

[[package]]
name = "jsdotlua/instance-of"
version = "1.2.3"
dependencies = []

[[package]]
name = "jsdotlua/number"
version = "1.2.3"
dependencies = []

[[package]]
name = "jsdotlua/string"
version = "1.2.3"
dependencies = [["ES7Types", "jsdotlua/es7-types@1.2.3"], ["Number", "jsdotlua/number@1.2.3"]]

[[package]]
name = "lukadev-0/typed-promise"
version = "4.0.2"
dependencies = [["Promise", "evaera/promise@4.0.0"]]

[[package]]
name = "nezuo/midori"
version = "0.1.3"
dependencies = []
